
Microsoft Visual Studio Solution File, Format Version 11.00
# Visual Studio 2010
Project("{FAE04EC0-301F-11D3-BF4B-00C04F79EFBC}") = "TeamManager", "Client\Shell\TeamManager\TeamManager.csproj", "{C80AE308-9E4D-4A66-BD8D-C014CC082CEE}"
	ProjectSection(ProjectDependencies) = postProject
		{DD90E8A0-7035-449A-90CD-74A1AAB64C23} = {DD90E8A0-7035-449A-90CD-74A1AAB64C23}
	EndProjectSection
EndProject
Project("{FAE04EC0-301F-11D3-BF4B-00C04F79EFBC}") = "TeamManager.Web", "Server\TeamManager.Web\TeamManager.Web.csproj", "{DD90E8A0-7035-449A-90CD-74A1AAB64C23}"
EndProject
Project("{2150E333-8FDC-42A3-9474-1A3956D46DE8}") = "Client", "Client", "{3ECC2585-ED0F-4F7D-8B5D-052A4576BC21}"
EndProject
Project("{2150E333-8FDC-42A3-9474-1A3956D46DE8}") = "Shell", "Shell", "{5E129B9D-33A7-4CB6-9AF5-D521D3036896}"
EndProject
Project("{2150E333-8FDC-42A3-9474-1A3956D46DE8}") = "Server", "Server", "{9AB9D536-B8E4-4B8B-A0EC-02BC60CBDFCE}"
EndProject
Project("{2150E333-8FDC-42A3-9474-1A3956D46DE8}") = "Modules", "Modules", "{C98D57E6-BB76-4655-B3D8-AE33757AA744}"
EndProject
Project("{2150E333-8FDC-42A3-9474-1A3956D46DE8}") = "Common", "Common", "{E4AA2C4A-81BA-42B2-B168-6A54417F78CA}"
EndProject
Project("{2150E333-8FDC-42A3-9474-1A3956D46DE8}") = "Host", "Host", "{B6D9C99E-2FC1-4DA3-A77D-5B1E855FCF82}"
EndProject
Project("{FAE04EC0-301F-11D3-BF4B-00C04F79EFBC}") = "TeamManager.Infrastructure", "Client\Common\TeamManager.Infrastructure\TeamManager.Infrastructure.csproj", "{BF08B308-99B3-4AD6-9E93-1FB76BF56AB5}"
EndProject
Project("{FAE04EC0-301F-11D3-BF4B-00C04F79EFBC}") = "TeamManager.Modules.Projects", "Client\Modules\TeamManager.Modules.Projects\TeamManager.Modules.Projects.csproj", "{7196C563-045C-4097-8E3E-61D7E8AE1AA0}"
EndProject
Project("{FAE04EC0-301F-11D3-BF4B-00C04F79EFBC}") = "TeamManager.Modules.Issues", "Client\Modules\TeamManager.Modules.Issues\TeamManager.Modules.Issues.csproj", "{B2CCB073-5134-4AE6-B76D-DAA16C56D61B}"
EndProject
Global
	GlobalSection(SolutionConfigurationPlatforms) = preSolution
		Debug|Any CPU = Debug|Any CPU
		Release|Any CPU = Release|Any CPU
	EndGlobalSection
	GlobalSection(ProjectConfigurationPlatforms) = postSolution
		{C80AE308-9E4D-4A66-BD8D-C014CC082CEE}.Debug|Any CPU.ActiveCfg = Debug|Any CPU
		{C80AE308-9E4D-4A66-BD8D-C014CC082CEE}.Debug|Any CPU.Build.0 = Debug|Any CPU
		{C80AE308-9E4D-4A66-BD8D-C014CC082CEE}.Release|Any CPU.ActiveCfg = Release|Any CPU
		{C80AE308-9E4D-4A66-BD8D-C014CC082CEE}.Release|Any CPU.Build.0 = Release|Any CPU
		{DD90E8A0-7035-449A-90CD-74A1AAB64C23}.Debug|Any CPU.ActiveCfg = Debug|Any CPU
		{DD90E8A0-7035-449A-90CD-74A1AAB64C23}.Debug|Any CPU.Build.0 = Debug|Any CPU
		{DD90E8A0-7035-449A-90CD-74A1AAB64C23}.Release|Any CPU.ActiveCfg = Release|Any CPU
		{DD90E8A0-7035-449A-90CD-74A1AAB64C23}.Release|Any CPU.Build.0 = Release|Any CPU
		{BF08B308-99B3-4AD6-9E93-1FB76BF56AB5}.Debug|Any CPU.ActiveCfg = Debug|Any CPU
		{BF08B308-99B3-4AD6-9E93-1FB76BF56AB5}.Debug|Any CPU.Build.0 = Debug|Any CPU
		{BF08B308-99B3-4AD6-9E93-1FB76BF56AB5}.Release|Any CPU.ActiveCfg = Release|Any CPU
		{BF08B308-99B3-4AD6-9E93-1FB76BF56AB5}.Release|Any CPU.Build.0 = Release|Any CPU
		{7196C563-045C-4097-8E3E-61D7E8AE1AA0}.Debug|Any CPU.ActiveCfg = Debug|Any CPU
		{7196C563-045C-4097-8E3E-61D7E8AE1AA0}.Debug|Any CPU.Build.0 = Debug|Any CPU
		{7196C563-045C-4097-8E3E-61D7E8AE1AA0}.Release|Any CPU.ActiveCfg = Release|Any CPU
		{7196C563-045C-4097-8E3E-61D7E8AE1AA0}.Release|Any CPU.Build.0 = Release|Any CPU
		{B2CCB073-5134-4AE6-B76D-DAA16C56D61B}.Debug|Any CPU.ActiveCfg = Debug|Any CPU
		{B2CCB073-5134-4AE6-B76D-DAA16C56D61B}.Debug|Any CPU.Build.0 = Debug|Any CPU
		{B2CCB073-5134-4AE6-B76D-DAA16C56D61B}.Release|Any CPU.ActiveCfg = Release|Any CPU
		{B2CCB073-5134-4AE6-B76D-DAA16C56D61B}.Release|Any CPU.Build.0 = Release|Any CPU
	EndGlobalSection
	GlobalSection(SolutionProperties) = preSolution
		HideSolutionNode = FALSE
	EndGlobalSection
	GlobalSection(NestedProjects) = preSolution
		{5E129B9D-33A7-4CB6-9AF5-D521D3036896} = {3ECC2585-ED0F-4F7D-8B5D-052A4576BC21}
		{C98D57E6-BB76-4655-B3D8-AE33757AA744} = {3ECC2585-ED0F-4F7D-8B5D-052A4576BC21}
		{E4AA2C4A-81BA-42B2-B168-6A54417F78CA} = {3ECC2585-ED0F-4F7D-8B5D-052A4576BC21}
		{B6D9C99E-2FC1-4DA3-A77D-5B1E855FCF82} = {9AB9D536-B8E4-4B8B-A0EC-02BC60CBDFCE}
		{C80AE308-9E4D-4A66-BD8D-C014CC082CEE} = {5E129B9D-33A7-4CB6-9AF5-D521D3036896}
		{DD90E8A0-7035-449A-90CD-74A1AAB64C23} = {B6D9C99E-2FC1-4DA3-A77D-5B1E855FCF82}
		{7196C563-045C-4097-8E3E-61D7E8AE1AA0} = {C98D57E6-BB76-4655-B3D8-AE33757AA744}
		{B2CCB073-5134-4AE6-B76D-DAA16C56D61B} = {C98D57E6-BB76-4655-B3D8-AE33757AA744}
		{BF08B308-99B3-4AD6-9E93-1FB76BF56AB5} = {E4AA2C4A-81BA-42B2-B168-6A54417F78CA}
	EndGlobalSection
EndGlobal
